
Microsoft Visual Studio Solution File, Format Version 12.00
# Visual Studio 15
VisualStudioVersion = 15.0.28307.1622
MinimumVisualStudioVersion = 10.0.40219.1
Project("{9A19103F-16F7-4668-BE54-9A1E7A4F7556}") = "NoteUI", "NoteUI\NoteUI.csproj", "{D46A31B1-1B7E-4BAB-BD4D-B74ACA9A5C42}"
EndProject
Global
	GlobalSection(SolutionConfigurationPlatforms) = preSolution
		Debug|Any CPU = Debug|Any CPU
		Release|Any CPU = Release|Any CPU
	EndGlobalSection
	GlobalSection(ProjectConfigurationPlatforms) = postSolution
		{D46A31B1-1B7E-4BAB-BD4D-B74ACA9A5C42}.Debug|Any CPU.ActiveCfg = Debug|Any CPU
		{D46A31B1-1B7E-4BAB-BD4D-B74ACA9A5C42}.Debug|Any CPU.Build.0 = Debug|Any CPU
		{D46A31B1-1B7E-4BAB-BD4D-B74ACA9A5C42}.Release|Any CPU.ActiveCfg = Release|Any CPU
		{D46A31B1-1B7E-4BAB-BD4D-B74ACA9A5C42}.Release|Any CPU.Build.0 = Release|Any CPU
	EndGlobalSection
	GlobalSection(SolutionProperties) = preSolution
		HideSolutionNode = FALSE
	EndGlobalSection
	GlobalSection(ExtensibilityGlobals) = postSolution
		SolutionGuid = {E7BB00B4-BFDB-4954-9666-77F9D231A850}
	EndGlobalSection
EndGlobal
